
Microsoft Visual Studio Solution File, Format Version 12.00
# Visual Studio Version 17
VisualStudioVersion = 17.2.32526.322
MinimumVisualStudioVersion = 10.0.40219.1
Project("{9A19103F-16F7-4668-BE54-9A1E7A4F7556}") = "Repository", "Repository\Repository.csproj", "{6F60A362-72D8-4EB6-B3C9-D3ADBDEE2FFC}"
EndProject
Project("{9A19103F-16F7-4668-BE54-9A1E7A4F7556}") = "Infrastructure", "Infrastructure\Infrastructure.csproj", "{973A5098-734F-42B5-9839-9BDF4FDF40D3}"
EndProject
Project("{9A19103F-16F7-4668-BE54-9A1E7A4F7556}") = "SuppliersApi", "SuppliersApi\SuppliersApi.csproj", "{16643887-42DC-49BF-96D4-57ACD39C013C}"
EndProject
Project("{9A19103F-16F7-4668-BE54-9A1E7A4F7556}") = "Models", "Models\Models.csproj", "{822575D5-419E-438A-BC91-D34859A4B4A6}"
EndProject
Project("{9A19103F-16F7-4668-BE54-9A1E7A4F7556}") = "DataAccess", "DataAccess\DataAccess.csproj", "{12E820A4-03A6-4135-924D-0F5191A335B1}"
EndProject
Project("{9A19103F-16F7-4668-BE54-9A1E7A4F7556}") = "Observability", "Observability\Observability.csproj", "{63EAD43A-FDA1-4C87-A39C-6299562C0F76}"
EndProject
Project("{54A90642-561A-4BB1-A94E-469ADEE60C69}") = "UI", "UI\UI.esproj", "{141D6628-F34A-421C-A3AE-A315EC8E1E70}"
EndProject
Global
	GlobalSection(SolutionConfigurationPlatforms) = preSolution
		Debug|Any CPU = Debug|Any CPU
		Release|Any CPU = Release|Any CPU
	EndGlobalSection
	GlobalSection(ProjectConfigurationPlatforms) = postSolution
		{6F60A362-72D8-4EB6-B3C9-D3ADBDEE2FFC}.Debug|Any CPU.ActiveCfg = Debug|Any CPU
		{6F60A362-72D8-4EB6-B3C9-D3ADBDEE2FFC}.Debug|Any CPU.Build.0 = Debug|Any CPU
		{6F60A362-72D8-4EB6-B3C9-D3ADBDEE2FFC}.Release|Any CPU.ActiveCfg = Release|Any CPU
		{6F60A362-72D8-4EB6-B3C9-D3ADBDEE2FFC}.Release|Any CPU.Build.0 = Release|Any CPU
		{973A5098-734F-42B5-9839-9BDF4FDF40D3}.Debug|Any CPU.ActiveCfg = Debug|Any CPU
		{973A5098-734F-42B5-9839-9BDF4FDF40D3}.Debug|Any CPU.Build.0 = Debug|Any CPU
		{973A5098-734F-42B5-9839-9BDF4FDF40D3}.Release|Any CPU.ActiveCfg = Release|Any CPU
		{973A5098-734F-42B5-9839-9BDF4FDF40D3}.Release|Any CPU.Build.0 = Release|Any CPU
		{16643887-42DC-49BF-96D4-57ACD39C013C}.Debug|Any CPU.ActiveCfg = Debug|Any CPU
		{16643887-42DC-49BF-96D4-57ACD39C013C}.Debug|Any CPU.Build.0 = Debug|Any CPU
		{16643887-42DC-49BF-96D4-57ACD39C013C}.Release|Any CPU.ActiveCfg = Release|Any CPU
		{16643887-42DC-49BF-96D4-57ACD39C013C}.Release|Any CPU.Build.0 = Release|Any CPU
		{822575D5-419E-438A-BC91-D34859A4B4A6}.Debug|Any CPU.ActiveCfg = Debug|Any CPU
		{822575D5-419E-438A-BC91-D34859A4B4A6}.Debug|Any CPU.Build.0 = Debug|Any CPU
		{822575D5-419E-438A-BC91-D34859A4B4A6}.Release|Any CPU.ActiveCfg = Release|Any CPU
		{822575D5-419E-438A-BC91-D34859A4B4A6}.Release|Any CPU.Build.0 = Release|Any CPU
		{12E820A4-03A6-4135-924D-0F5191A335B1}.Debug|Any CPU.ActiveCfg = Debug|Any CPU
		{12E820A4-03A6-4135-924D-0F5191A335B1}.Debug|Any CPU.Build.0 = Debug|Any CPU
		{12E820A4-03A6-4135-924D-0F5191A335B1}.Release|Any CPU.ActiveCfg = Release|Any CPU
		{12E820A4-03A6-4135-924D-0F5191A335B1}.Release|Any CPU.Build.0 = Release|Any CPU
		{63EAD43A-FDA1-4C87-A39C-6299562C0F76}.Debug|Any CPU.ActiveCfg = Debug|Any CPU
		{63EAD43A-FDA1-4C87-A39C-6299562C0F76}.Debug|Any CPU.Build.0 = Debug|Any CPU
		{63EAD43A-FDA1-4C87-A39C-6299562C0F76}.Release|Any CPU.ActiveCfg = Release|Any CPU
		{63EAD43A-FDA1-4C87-A39C-6299562C0F76}.Release|Any CPU.Build.0 = Release|Any CPU
		{141D6628-F34A-421C-A3AE-A315EC8E1E70}.Debug|Any CPU.ActiveCfg = Debug|Any CPU
		{141D6628-F34A-421C-A3AE-A315EC8E1E70}.Debug|Any CPU.Build.0 = Debug|Any CPU
		{141D6628-F34A-421C-A3AE-A315EC8E1E70}.Debug|Any CPU.Deploy.0 = Debug|Any CPU
		{141D6628-F34A-421C-A3AE-A315EC8E1E70}.Release|Any CPU.ActiveCfg = Release|Any CPU
		{141D6628-F34A-421C-A3AE-A315EC8E1E70}.Release|Any CPU.Build.0 = Release|Any CPU
		{141D6628-F34A-421C-A3AE-A315EC8E1E70}.Release|Any CPU.Deploy.0 = Release|Any CPU
	EndGlobalSection
	GlobalSection(SolutionProperties) = preSolution
		HideSolutionNode = FALSE
	EndGlobalSection
	GlobalSection(ExtensibilityGlobals) = postSolution
		SolutionGuid = {4E33D80E-4395-4CE8-9145-A2B7B9867AAE}
	EndGlobalSection
EndGlobal
